
Microsoft Visual Studio Solution File, Format Version 12.00
# Visual Studio 14
VisualStudioVersion = 14.0.25420.1
MinimumVisualStudioVersion = 10.0.40219.1
Project("{FAE04EC0-301F-11D3-BF4B-00C04F79EFBC}") = "Retrosheet_Wrapper", "Retrosheet_Wrapper\Retrosheet_Wrapper.csproj", "{B759C5E1-0686-41D3-8E1B-1F5E283A7FDD}"
EndProject
Project("{FAE04EC0-301F-11D3-BF4B-00C04F79EFBC}") = "Retrosheet_EventData", "Retrodata_EventData\Retrosheet_EventData.csproj", "{B1A373AF-9998-4C98-B25D-D427CE31ABB0}"
EndProject
Project("{FAE04EC0-301F-11D3-BF4B-00C04F79EFBC}") = "Retrosheet_ReferenceData", "Retrodata_ReferenceData\Retrosheet_ReferenceData.csproj", "{9C14A56F-AED4-4C55-9846-4DE99BE7AF2C}"
EndProject
Project("{FAE04EC0-301F-11D3-BF4B-00C04F79EFBC}") = "Retrosheet_Console", "Retrosheet_Console\Retrosheet_Console.csproj", "{C24A04AA-34D9-4F21-A662-EAC8329435F4}"
EndProject
Project("{FAE04EC0-301F-11D3-BF4B-00C04F79EFBC}") = "Retrosheet_Persist", "Retrosheet_Persist\Retrosheet_Persist.csproj", "{71FD25CB-AB1F-4528-A20A-815EECFD8FBD}"
EndProject
Project("{FAE04EC0-301F-11D3-BF4B-00C04F79EFBC}") = "Retrosheet_DataFileIO", "Retrosheet_EventIO\Retrosheet_DataFileIO.csproj", "{A841D16B-5BE1-470B-BDA3-517E23B51712}"
EndProject
Project("{FAE04EC0-301F-11D3-BF4B-00C04F79EFBC}") = "Retrosheet_Settings", "Retrosheet_Settings\Retrosheet_Settings.csproj", "{1D0E1CCA-9FDE-409E-8408-72AD2FD8FA65}"
EndProject
Project("{FAE04EC0-301F-11D3-BF4B-00C04F79EFBC}") = "Retrosheet_RetrieveData", "Retrosheet_RetrieveData\Retrosheet_RetrieveData.csproj", "{40E8C042-75DB-45A6-9267-03040F4D9EE4}"
EndProject
Project("{2150E333-8FDC-42A3-9474-1A3956D46DE8}") = "Solution Items", "Solution Items", "{2CF9CBB9-22F7-4B89-84C1-23DAA10EC318}"
	ProjectSection(SolutionItems) = preProject
		..\..\..\retrosheet\2016 Regular Season\2016ANA.EVA = ..\..\..\retrosheet\2016 Regular Season\2016ANA.EVA
		..\..\..\retrosheet\2016 Regular Season\2016ARI.EVN = ..\..\..\retrosheet\2016 Regular Season\2016ARI.EVN
		..\..\..\retrosheet\2016 Regular Season\2016ATL.EVN = ..\..\..\retrosheet\2016 Regular Season\2016ATL.EVN
		..\..\..\retrosheet\2016 Regular Season\2016BAL.EVA = ..\..\..\retrosheet\2016 Regular Season\2016BAL.EVA
		..\..\..\retrosheet\2016 Regular Season\2016BOS.EVA = ..\..\..\retrosheet\2016 Regular Season\2016BOS.EVA
		..\..\..\retrosheet\2016 Regular Season\2016CHA.EVA = ..\..\..\retrosheet\2016 Regular Season\2016CHA.EVA
		..\..\..\retrosheet\2016 Regular Season\2016CHN.EVN = ..\..\..\retrosheet\2016 Regular Season\2016CHN.EVN
		..\..\..\retrosheet\2016 Regular Season\2016CIN.EVN = ..\..\..\retrosheet\2016 Regular Season\2016CIN.EVN
		..\..\..\retrosheet\2016 Regular Season\2016CLE.EVA = ..\..\..\retrosheet\2016 Regular Season\2016CLE.EVA
		..\..\..\retrosheet\2016 Regular Season\2016COL.EVN = ..\..\..\retrosheet\2016 Regular Season\2016COL.EVN
		..\..\..\retrosheet\2016 Regular Season\2016DET.EVA = ..\..\..\retrosheet\2016 Regular Season\2016DET.EVA
		..\..\..\retrosheet\2016 Regular Season\2016HOU.EVA = ..\..\..\retrosheet\2016 Regular Season\2016HOU.EVA
		..\..\..\retrosheet\2016 Regular Season\2016KCA.EVA = ..\..\..\retrosheet\2016 Regular Season\2016KCA.EVA
		..\..\..\retrosheet\2016 Regular Season\2016LAN.EVN = ..\..\..\retrosheet\2016 Regular Season\2016LAN.EVN
		..\..\..\retrosheet\2016 Regular Season\2016MIA.EVN = ..\..\..\retrosheet\2016 Regular Season\2016MIA.EVN
		..\..\..\retrosheet\2016 Regular Season\2016MIL.EVN = ..\..\..\retrosheet\2016 Regular Season\2016MIL.EVN
		..\..\..\retrosheet\2016 Regular Season\2016MIN.EVA = ..\..\..\retrosheet\2016 Regular Season\2016MIN.EVA
		..\..\..\retrosheet\2016 Regular Season\2016NYA.EVA = ..\..\..\retrosheet\2016 Regular Season\2016NYA.EVA
		..\..\..\retrosheet\2016 Regular Season\2016NYN.EVN = ..\..\..\retrosheet\2016 Regular Season\2016NYN.EVN
		..\..\..\retrosheet\2016 Regular Season\2016OAK.EVA = ..\..\..\retrosheet\2016 Regular Season\2016OAK.EVA
		..\..\..\retrosheet\2016 Regular Season\2016PHI.EVN = ..\..\..\retrosheet\2016 Regular Season\2016PHI.EVN
		..\..\..\retrosheet\2016 Regular Season\2016PIT.EVN = ..\..\..\retrosheet\2016 Regular Season\2016PIT.EVN
		..\..\..\retrosheet\2016 Regular Season\2016SDN.EVN = ..\..\..\retrosheet\2016 Regular Season\2016SDN.EVN
		..\..\..\retrosheet\2016 Regular Season\2016SEA.EVA = ..\..\..\retrosheet\2016 Regular Season\2016SEA.EVA
		..\..\..\retrosheet\2016 Regular Season\2016SFN.EVN = ..\..\..\retrosheet\2016 Regular Season\2016SFN.EVN
		..\..\..\retrosheet\2016 Regular Season\2016SLN.EVN = ..\..\..\retrosheet\2016 Regular Season\2016SLN.EVN
		..\..\..\retrosheet\2016 Regular Season\2016TBA.EVA = ..\..\..\retrosheet\2016 Regular Season\2016TBA.EVA
		..\..\..\retrosheet\2016 Regular Season\2016TEX.EVA = ..\..\..\retrosheet\2016 Regular Season\2016TEX.EVA
		..\..\..\retrosheet\2016 Regular Season\2016TOR.EVA = ..\..\..\retrosheet\2016 Regular Season\2016TOR.EVA
		..\..\..\retrosheet\2016 Regular Season\2016WAS.EVN = ..\..\..\retrosheet\2016 Regular Season\2016WAS.EVN
		..\..\..\retrosheet\2016 Regular Season\ANA2016.ROS = ..\..\..\retrosheet\2016 Regular Season\ANA2016.ROS
		..\..\..\retrosheet\2016 Regular Season\ARI2016.ROS = ..\..\..\retrosheet\2016 Regular Season\ARI2016.ROS
		..\..\..\retrosheet\2016 Regular Season\ATL2016.ROS = ..\..\..\retrosheet\2016 Regular Season\ATL2016.ROS
		..\..\..\retrosheet\2016 Regular Season\BAL2016.ROS = ..\..\..\retrosheet\2016 Regular Season\BAL2016.ROS
		..\..\..\retrosheet\2016 Regular Season\BEVENT.EXE = ..\..\..\retrosheet\2016 Regular Season\BEVENT.EXE
		..\..\..\retrosheet\2016 Regular Season\BGAME.EXE = ..\..\..\retrosheet\2016 Regular Season\BGAME.EXE
		..\..\..\retrosheet\2016 Regular Season\BOS2016.ROS = ..\..\..\retrosheet\2016 Regular Season\BOS2016.ROS
		..\..\..\retrosheet\2016 Regular Season\BOX.EXE = ..\..\..\retrosheet\2016 Regular Season\BOX.EXE
		..\..\..\retrosheet\2016 Regular Season\CHA2016.ROS = ..\..\..\retrosheet\2016 Regular Season\CHA2016.ROS
		..\..\..\retrosheet\2016 Regular Season\CHN2016.ROS = ..\..\..\retrosheet\2016 Regular Season\CHN2016.ROS
		..\..\..\retrosheet\2016 Regular Season\CIN2016.ROS = ..\..\..\retrosheet\2016 Regular Season\CIN2016.ROS
		..\..\..\retrosheet\2016 Regular Season\CLE2016.ROS = ..\..\..\retrosheet\2016 Regular Season\CLE2016.ROS
		..\..\..\retrosheet\2016 Regular Season\COL2016.ROS = ..\..\..\retrosheet\2016 Regular Season\COL2016.ROS
		..\..\..\retrosheet\2016 Regular Season\DET2016.ROS = ..\..\..\retrosheet\2016 Regular Season\DET2016.ROS
		..\..\..\retrosheet\2016 Regular Season\GL2016.TXT = ..\..\..\retrosheet\2016 Regular Season\GL2016.TXT
		..\..\..\retrosheet\2016 Regular Season\HOU2016.ROS = ..\..\..\retrosheet\2016 Regular Season\HOU2016.ROS
		..\..\..\retrosheet\2016 Regular Season\KCA2016.ROS = ..\..\..\retrosheet\2016 Regular Season\KCA2016.ROS
		..\..\..\retrosheet\2016 Regular Season\LAN2016.ROS = ..\..\..\retrosheet\2016 Regular Season\LAN2016.ROS
		..\..\..\retrosheet\2016 Regular Season\MIA2016.ROS = ..\..\..\retrosheet\2016 Regular Season\MIA2016.ROS
		..\..\..\retrosheet\2016 Regular Season\MIL2016.ROS = ..\..\..\retrosheet\2016 Regular Season\MIL2016.ROS
		..\..\..\retrosheet\2016 Regular Season\MIN2016.ROS = ..\..\..\retrosheet\2016 Regular Season\MIN2016.ROS
		..\..\..\retrosheet\2016 Regular Season\NYA2016.ROS = ..\..\..\retrosheet\2016 Regular Season\NYA2016.ROS
		..\..\..\retrosheet\2016 Regular Season\NYN2016.ROS = ..\..\..\retrosheet\2016 Regular Season\NYN2016.ROS
		..\..\..\retrosheet\2016 Regular Season\OAK2016.ROS = ..\..\..\retrosheet\2016 Regular Season\OAK2016.ROS
		..\..\..\retrosheet\2016 Regular Season\PHI2016.ROS = ..\..\..\retrosheet\2016 Regular Season\PHI2016.ROS
		..\..\..\retrosheet\2016 Regular Season\PIT2016.ROS = ..\..\..\retrosheet\2016 Regular Season\PIT2016.ROS
		..\..\..\retrosheet\ReferenceData\reference_data.txt = ..\..\..\retrosheet\ReferenceData\reference_data.txt
		..\..\..\retrosheet\2016 Regular Season\SDN2016.ROS = ..\..\..\retrosheet\2016 Regular Season\SDN2016.ROS
		..\..\..\retrosheet\2016 Regular Season\SEA2016.ROS = ..\..\..\retrosheet\2016 Regular Season\SEA2016.ROS
		..\..\..\retrosheet\2016 Regular Season\SFN2016.ROS = ..\..\..\retrosheet\2016 Regular Season\SFN2016.ROS
		..\..\..\retrosheet\2016 Regular Season\SLN2016.ROS = ..\..\..\retrosheet\2016 Regular Season\SLN2016.ROS
		..\..\..\retrosheet\2016 Regular Season\TBA2016.ROS = ..\..\..\retrosheet\2016 Regular Season\TBA2016.ROS
		..\..\..\retrosheet\2016 Regular Season\TEAM2016.TXT = ..\..\..\retrosheet\2016 Regular Season\TEAM2016.TXT
		..\..\..\retrosheet\2016 Regular Season\TEX2016.ROS = ..\..\..\retrosheet\2016 Regular Season\TEX2016.ROS
		..\..\..\retrosheet\2016 Regular Season\TOR2016.ROS = ..\..\..\retrosheet\2016 Regular Season\TOR2016.ROS
		..\..\..\retrosheet\2016 Regular Season\WAS2016.ROS = ..\..\..\retrosheet\2016 Regular Season\WAS2016.ROS
	EndProjectSection
EndProject
Project("{FAE04EC0-301F-11D3-BF4B-00C04F79EFBC}") = "Retrosheet_WPF_Seasons_TreeView", "Retrosheet_WPF_Seasons_TreeView\Retrosheet_WPF_Seasons_TreeView.csproj", "{2152DB63-F0AD-44EB-9B23-6C7B034F23A4}"
EndProject
Global
	GlobalSection(SolutionConfigurationPlatforms) = preSolution
		Debug|Any CPU = Debug|Any CPU
		Release|Any CPU = Release|Any CPU
	EndGlobalSection
	GlobalSection(ProjectConfigurationPlatforms) = postSolution
		{B759C5E1-0686-41D3-8E1B-1F5E283A7FDD}.Debug|Any CPU.ActiveCfg = Debug|Any CPU
		{B759C5E1-0686-41D3-8E1B-1F5E283A7FDD}.Debug|Any CPU.Build.0 = Debug|Any CPU
		{B759C5E1-0686-41D3-8E1B-1F5E283A7FDD}.Release|Any CPU.ActiveCfg = Release|Any CPU
		{B759C5E1-0686-41D3-8E1B-1F5E283A7FDD}.Release|Any CPU.Build.0 = Release|Any CPU
		{B1A373AF-9998-4C98-B25D-D427CE31ABB0}.Debug|Any CPU.ActiveCfg = Debug|Any CPU
		{B1A373AF-9998-4C98-B25D-D427CE31ABB0}.Debug|Any CPU.Build.0 = Debug|Any CPU
		{B1A373AF-9998-4C98-B25D-D427CE31ABB0}.Release|Any CPU.ActiveCfg = Release|Any CPU
		{B1A373AF-9998-4C98-B25D-D427CE31ABB0}.Release|Any CPU.Build.0 = Release|Any CPU
		{9C14A56F-AED4-4C55-9846-4DE99BE7AF2C}.Debug|Any CPU.ActiveCfg = Debug|Any CPU
		{9C14A56F-AED4-4C55-9846-4DE99BE7AF2C}.Debug|Any CPU.Build.0 = Debug|Any CPU
		{9C14A56F-AED4-4C55-9846-4DE99BE7AF2C}.Release|Any CPU.ActiveCfg = Release|Any CPU
		{9C14A56F-AED4-4C55-9846-4DE99BE7AF2C}.Release|Any CPU.Build.0 = Release|Any CPU
		{C24A04AA-34D9-4F21-A662-EAC8329435F4}.Debug|Any CPU.ActiveCfg = Debug|Any CPU
		{C24A04AA-34D9-4F21-A662-EAC8329435F4}.Debug|Any CPU.Build.0 = Debug|Any CPU
		{C24A04AA-34D9-4F21-A662-EAC8329435F4}.Release|Any CPU.ActiveCfg = Release|Any CPU
		{C24A04AA-34D9-4F21-A662-EAC8329435F4}.Release|Any CPU.Build.0 = Release|Any CPU
		{71FD25CB-AB1F-4528-A20A-815EECFD8FBD}.Debug|Any CPU.ActiveCfg = Debug|Any CPU
		{71FD25CB-AB1F-4528-A20A-815EECFD8FBD}.Debug|Any CPU.Build.0 = Debug|Any CPU
		{71FD25CB-AB1F-4528-A20A-815EECFD8FBD}.Release|Any CPU.ActiveCfg = Release|Any CPU
		{71FD25CB-AB1F-4528-A20A-815EECFD8FBD}.Release|Any CPU.Build.0 = Release|Any CPU
		{A841D16B-5BE1-470B-BDA3-517E23B51712}.Debug|Any CPU.ActiveCfg = Debug|Any CPU
		{A841D16B-5BE1-470B-BDA3-517E23B51712}.Debug|Any CPU.Build.0 = Debug|Any CPU
		{A841D16B-5BE1-470B-BDA3-517E23B51712}.Release|Any CPU.ActiveCfg = Release|Any CPU
		{A841D16B-5BE1-470B-BDA3-517E23B51712}.Release|Any CPU.Build.0 = Release|Any CPU
		{1D0E1CCA-9FDE-409E-8408-72AD2FD8FA65}.Debug|Any CPU.ActiveCfg = Debug|Any CPU
		{1D0E1CCA-9FDE-409E-8408-72AD2FD8FA65}.Debug|Any CPU.Build.0 = Debug|Any CPU
		{1D0E1CCA-9FDE-409E-8408-72AD2FD8FA65}.Release|Any CPU.ActiveCfg = Release|Any CPU
		{1D0E1CCA-9FDE-409E-8408-72AD2FD8FA65}.Release|Any CPU.Build.0 = Release|Any CPU
		{40E8C042-75DB-45A6-9267-03040F4D9EE4}.Debug|Any CPU.ActiveCfg = Debug|Any CPU
		{40E8C042-75DB-45A6-9267-03040F4D9EE4}.Debug|Any CPU.Build.0 = Debug|Any CPU
		{40E8C042-75DB-45A6-9267-03040F4D9EE4}.Release|Any CPU.ActiveCfg = Release|Any CPU
		{40E8C042-75DB-45A6-9267-03040F4D9EE4}.Release|Any CPU.Build.0 = Release|Any CPU
		{2152DB63-F0AD-44EB-9B23-6C7B034F23A4}.Debug|Any CPU.ActiveCfg = Debug|Any CPU
		{2152DB63-F0AD-44EB-9B23-6C7B034F23A4}.Debug|Any CPU.Build.0 = Debug|Any CPU
		{2152DB63-F0AD-44EB-9B23-6C7B034F23A4}.Release|Any CPU.ActiveCfg = Release|Any CPU
		{2152DB63-F0AD-44EB-9B23-6C7B034F23A4}.Release|Any CPU.Build.0 = Release|Any CPU
	EndGlobalSection
	GlobalSection(SolutionProperties) = preSolution
		HideSolutionNode = FALSE
	EndGlobalSection
EndGlobal
